
Microsoft Visual Studio Solution File, Format Version 12.00
# Visual Studio Version 17
VisualStudioVersion = 17.8.34316.72
MinimumVisualStudioVersion = 10.0.40219.1
Project("{FAE04EC0-301F-11D3-BF4B-00C04F79EFBC}") = "HikingTrailAdvisory", "HikingTrailAdvisory\HikingTrailAdvisory.csproj", "{814FA26F-3BF4-4657-85E5-76EBC0FCFC94}"
EndProject
Global
	GlobalSection(SolutionConfigurationPlatforms) = preSolution
		Debug|Any CPU = Debug|Any CPU
		Release|Any CPU = Release|Any CPU
	EndGlobalSection
	GlobalSection(ProjectConfigurationPlatforms) = postSolution
		{814FA26F-3BF4-4657-85E5-76EBC0FCFC94}.Debug|Any CPU.ActiveCfg = Debug|Any CPU
		{814FA26F-3BF4-4657-85E5-76EBC0FCFC94}.Debug|Any CPU.Build.0 = Debug|Any CPU
		{814FA26F-3BF4-4657-85E5-76EBC0FCFC94}.Release|Any CPU.ActiveCfg = Release|Any CPU
		{814FA26F-3BF4-4657-85E5-76EBC0FCFC94}.Release|Any CPU.Build.0 = Release|Any CPU
	EndGlobalSection
	GlobalSection(SolutionProperties) = preSolution
		HideSolutionNode = FALSE
	EndGlobalSection
	GlobalSection(ExtensibilityGlobals) = postSolution
		SolutionGuid = {16B05E7A-4D24-4C39-BC16-F96BF6BA6305}
	EndGlobalSection
EndGlobal
